{
  "name": "Koala",
  "version": "2.2.0",
  "lockfileVersion": 1,
  "requires": true,
  "dependencies": {
    "adm-zip": {
      "version": "0.4.7",
      "resolved": "https://registry.npmjs.org/adm-zip/-/adm-zip-0.4.7.tgz",
      "integrity": "sha1-hgbCy/HEJs6MjsABdER/1Jtur8E="
    },
    "amdefine": {
      "version": "https://registry.npmjs.org/amdefine/-/amdefine-1.0.1.tgz",
      "integrity": "sha1-SlKCrBZHKek2Gbz9OtFR+BfOkfU=",
      "optional": true
    },
    "ansi-styles": {
      "version": "3.2.0",
      "resolved": "https://registry.npmjs.org/ansi-styles/-/ansi-styles-3.2.0.tgz",
      "integrity": "sha512-NnSOmMEYtVR2JVMIGTzynRkkaxtiq1xnFBcdQD/DnNCYPoEPsVJhM98BDyaoNOQIi7p4okdi3E27eN7GQbsUug==",
      "requires": {
        "color-convert": "1.9.1"
      }
    },
    "asn1": {
      "version": "https://registry.npmjs.org/asn1/-/asn1-0.1.11.tgz",
      "integrity": "sha1-VZvhg3bQik7E2+gId9J4GGObLfc=",
      "optional": true
    },
    "assert-plus": {
      "version": "https://registry.npmjs.org/assert-plus/-/assert-plus-0.1.5.tgz",
      "integrity": "sha1-7nQAlBMALYTOxyGcasgRgS5yMWA=",
      "optional": true
    },
    "async": {
      "version": "https://registry.npmjs.org/async/-/async-0.9.2.tgz",
      "integrity": "sha1-rqdNXmHB+JlhO/ZL2mbUx48v0X0=",
      "optional": true
    },
    "autoprefixer": {
      "version": "7.1.6",
      "resolved": "https://registry.npmjs.org/autoprefixer/-/autoprefixer-7.1.6.tgz",
      "integrity": "sha512-C9yv/UF3X+eJTi/zvfxuyfxmLibYrntpF3qoJYrMeQwgUJOZrZvpJiMG2FMQ3qnhWtF/be4pYONBBw95ZGe3vA==",
      "requires": {
        "browserslist": "2.9.0",
        "caniuse-lite": "1.0.30000764",
        "normalize-range": "0.1.2",
        "num2fraction": "1.2.2",
        "postcss": "6.0.14",
        "postcss-value-parser": "3.3.0"
      }
    },
    "aws-sign2": {
      "version": "https://registry.npmjs.org/aws-sign2/-/aws-sign2-0.5.0.tgz",
      "integrity": "sha1-xXED96F/wDfwLXwuZLYC6iI/fWM=",
      "optional": true
    },
    "boom": {
      "version": "https://registry.npmjs.org/boom/-/boom-0.4.2.tgz",
      "integrity": "sha1-emNune1O/O+xnO9JR6PGffrukRs=",
      "requires": {
        "hoek": "https://registry.npmjs.org/hoek/-/hoek-0.9.1.tgz"
      }
    },
    "browserslist": {
      "version": "2.9.0",
      "resolved": "https://registry.npmjs.org/browserslist/-/browserslist-2.9.0.tgz",
      "integrity": "sha512-vJEBcDTANoDhSHL46NeOEW5hvQw7It9uCqzeFPQhpawXfnOwnpvW5C97vn1eGJ7iCkSg8wWU0nYObE7d/N95Iw==",
      "requires": {
        "caniuse-lite": "1.0.30000764",
        "electron-to-chromium": "1.3.27"
      }
    },
    "caniuse-lite": {
      "version": "1.0.30000764",
      "resolved": "https://registry.npmjs.org/caniuse-lite/-/caniuse-lite-1.0.30000764.tgz",
      "integrity": "sha1-l+p0cvnT5pHu3jTyGYPPwhmseEI="
    },
    "chalk": {
      "version": "2.3.0",
      "resolved": "https://registry.npmjs.org/chalk/-/chalk-2.3.0.tgz",
      "integrity": "sha512-Az5zJR2CBujap2rqXGaJKaPHyJ0IrUimvYNX+ncCy8PJP4ltOGTrHUIo097ZaL2zMeKYpiCdqDvS6zdrTFok3Q==",
      "requires": {
        "ansi-styles": "3.2.0",
        "escape-string-regexp": "1.0.5",
        "supports-color": "4.5.0"
      }
    },
    "clean-css": {
      "version": "4.1.9",
      "resolved": "https://registry.npmjs.org/clean-css/-/clean-css-4.1.9.tgz",
      "integrity": "sha1-Nc7ornaHpJuYA09w3gDE7dOCYwE=",
      "requires": {
        "source-map": "0.5.7"
      },
      "dependencies": {
        "source-map": {
          "version": "0.5.7",
          "resolved": "https://registry.npmjs.org/source-map/-/source-map-0.5.7.tgz",
          "integrity": "sha1-igOdLRAh0i0eoUyA2OpGi6LvP8w="
        }
      }
    },
    "coffee-script": {
      "version": "1.12.7",
      "resolved": "https://registry.npmjs.org/coffee-script/-/coffee-script-1.12.7.tgz",
      "integrity": "sha512-fLeEhqwymYat/MpTPUjSKHVYYl0ec2mOyALEMLmzr5i1isuG+6jfI2j2d5oBO3VIzgUXgBVIcOT9uH1TFxBckw=="
    },
    "color-convert": {
      "version": "1.9.1",
      "resolved": "https://registry.npmjs.org/color-convert/-/color-convert-1.9.1.tgz",
      "integrity": "sha512-mjGanIiwQJskCC18rPR6OmrZ6fm2Lc7PeGFYwCmy5J34wC6F1PzdGL6xeMfmgicfYcNLGuVFA3WzXtIDCQSZxQ==",
      "requires": {
        "color-name": "1.1.3"
      }
    },
    "color-name": {
      "version": "1.1.3",
      "resolved": "https://registry.npmjs.org/color-name/-/color-name-1.1.3.tgz",
      "integrity": "sha1-p9BVi9icQveV3UIyj3QIMcpTvCU="
    },
    "combined-stream": {
      "version": "https://registry.npmjs.org/combined-stream/-/combined-stream-0.0.7.tgz",
      "integrity": "sha1-ATfmV7qlp1QcV6w3rF/AfXO03B8=",
      "optional": true,
      "requires": {
        "delayed-stream": "https://registry.npmjs.org/delayed-stream/-/delayed-stream-0.0.5.tgz"
      }
    },
    "commander": {
      "version": "https://registry.npmjs.org/commander/-/commander-2.2.0.tgz",
      "integrity": "sha1-F1rUuTF/P/YV8gHB5XIk9Vo+kd8=",
      "optional": true
    },
    "cryptiles": {
      "version": "https://registry.npmjs.org/cryptiles/-/cryptiles-0.2.2.tgz",
      "integrity": "sha1-7ZH/HxetE9N0gohZT4pIoNJvMlw=",
      "optional": true,
      "requires": {
        "boom": "https://registry.npmjs.org/boom/-/boom-0.4.2.tgz"
      }
    },
    "ctype": {
      "version": "https://registry.npmjs.org/ctype/-/ctype-0.5.3.tgz",
      "integrity": "sha1-gsGMJGH3QRTvFsE1IkrQuRRMoS8=",
      "optional": true
    },
    "delayed-stream": {
      "version": "https://registry.npmjs.org/delayed-stream/-/delayed-stream-0.0.5.tgz",
      "integrity": "sha1-1LH0OpPoKW3+AmlPRoC8N6MTxz8=",
      "optional": true
    },
    "electron-to-chromium": {
      "version": "1.3.27",
      "resolved": "https://registry.npmjs.org/electron-to-chromium/-/electron-to-chromium-1.3.27.tgz",
      "integrity": "sha1-eOy4o5kGYYe7N07t412ccFZagD0="
    },
    "escape-string-regexp": {
      "version": "1.0.5",
      "resolved": "https://registry.npmjs.org/escape-string-regexp/-/escape-string-regexp-1.0.5.tgz",
      "integrity": "sha1-G2HAViGQqN/2rjuyzwIAyhMLhtQ="
    },
    "eventproxy": {
      "version": "0.2.5",
      "resolved": "https://registry.npmjs.org/eventproxy/-/eventproxy-0.2.5.tgz",
      "integrity": "sha1-4jT5TLVvjD4d2z0x8TrKSMAJHGc="
    },
    "forever-agent": {
      "version": "https://registry.npmjs.org/forever-agent/-/forever-agent-0.5.2.tgz",
      "integrity": "sha1-bQ4JxJIflKJ/Y9O0nF/v8epMUTA=",
      "optional": true
    },
    "form-data": {
      "version": "https://registry.npmjs.org/form-data/-/form-data-0.1.4.tgz",
      "integrity": "sha1-kavXiKupcCsaq/qLwBAxoqyeOxI=",
      "optional": true,
      "requires": {
        "async": "https://registry.npmjs.org/async/-/async-0.9.2.tgz",
        "combined-stream": "https://registry.npmjs.org/combined-stream/-/combined-stream-0.0.7.tgz",
        "mime": "https://registry.npmjs.org/mime/-/mime-1.2.11.tgz"
      }
    },
    "fs-extra": {
      "version": "0.6.1",
      "resolved": "https://registry.npmjs.org/fs-extra/-/fs-extra-0.6.1.tgz",
      "integrity": "sha1-u00JGO9/ZBThoTXNaOvu6CXpatE=",
      "requires": {
        "jsonfile": "https://registry.npmjs.org/jsonfile/-/jsonfile-0.0.1.tgz",
        "mkdirp": "0.3.5",
        "ncp": "https://registry.npmjs.org/ncp/-/ncp-0.4.2.tgz",
        "rimraf": "https://registry.npmjs.org/rimraf/-/rimraf-2.1.4.tgz"
      },
      "dependencies": {
        "mkdirp": {
          "version": "0.3.5",
          "resolved": "https://registry.npmjs.org/mkdirp/-/mkdirp-0.3.5.tgz",
          "integrity": "sha1-3j5fiWHIjHh+4TaN+EmsRBPsqNc="
        }
      }
    },
    "graceful-fs": {
      "version": "https://registry.npmjs.org/graceful-fs/-/graceful-fs-3.0.11.tgz",
      "integrity": "sha1-dhPHeKGv6mLyXGMKCG1/Osu92Bg=",
      "optional": true,
      "requires": {
        "natives": "https://registry.npmjs.org/natives/-/natives-1.1.0.tgz"
      }
    },
    "has-flag": {
      "version": "2.0.0",
      "resolved": "https://registry.npmjs.org/has-flag/-/has-flag-2.0.0.tgz",
      "integrity": "sha1-6CB68cx7MNRGzHC3NLXovhj4jVE="
    },
    "hawk": {
      "version": "https://registry.npmjs.org/hawk/-/hawk-1.1.1.tgz",
      "integrity": "sha1-h81JH5tG5OKurKM1QWdmiF0tHtk=",
      "optional": true,
      "requires": {
        "boom": "https://registry.npmjs.org/boom/-/boom-0.4.2.tgz",
        "cryptiles": "https://registry.npmjs.org/cryptiles/-/cryptiles-0.2.2.tgz",
        "hoek": "https://registry.npmjs.org/hoek/-/hoek-0.9.1.tgz",
        "sntp": "https://registry.npmjs.org/sntp/-/sntp-0.2.4.tgz"
      }
    },
    "hoek": {
      "version": "https://registry.npmjs.org/hoek/-/hoek-0.9.1.tgz",
      "integrity": "sha1-PTIkYrrfB3Fup+uFuviAec3c5QU="
    },
    "http-signature": {
      "version": "https://registry.npmjs.org/http-signature/-/http-signature-0.10.1.tgz",
      "integrity": "sha1-T72sEyVZqoMjEh5UB3nAoBKyfmY=",
      "optional": true,
      "requires": {
        "asn1": "https://registry.npmjs.org/asn1/-/asn1-0.1.11.tgz",
        "assert-plus": "https://registry.npmjs.org/assert-plus/-/assert-plus-0.1.5.tgz",
        "ctype": "https://registry.npmjs.org/ctype/-/ctype-0.5.3.tgz"
      }
    },
    "jade": {
      "version": "0.27.7",
      "resolved": "https://registry.npmjs.org/jade/-/jade-0.27.7.tgz",
      "integrity": "sha1-sVfjEzeJpXJMvd3UU0HHWQ2pJ6o=",
      "requires": {
        "coffee-script": "1.4.0",
        "commander": "0.6.1",
        "mkdirp": "0.3.5"
      },
      "dependencies": {
        "coffee-script": {
          "version": "1.4.0",
          "resolved": "https://registry.npmjs.org/coffee-script/-/coffee-script-1.4.0.tgz",
          "integrity": "sha1-XjvIqsJsAajie/EHcixWVfWtfTY="
        },
        "commander": {
          "version": "0.6.1",
          "resolved": "https://registry.npmjs.org/commander/-/commander-0.6.1.tgz",
          "integrity": "sha1-+mihT2qUXVTbvlDYzbMyDp47GgY="
        },
        "mkdirp": {
          "version": "0.3.5",
          "resolved": "https://registry.npmjs.org/mkdirp/-/mkdirp-0.3.5.tgz",
          "integrity": "sha1-3j5fiWHIjHh+4TaN+EmsRBPsqNc="
        }
      }
    },
    "json-stringify-safe": {
      "version": "https://registry.npmjs.org/json-stringify-safe/-/json-stringify-safe-5.0.1.tgz",
      "integrity": "sha1-Epai1Y/UXxmg9s4B1lcB4sc1tus=",
      "optional": true
    },
    "jsonfile": {
      "version": "https://registry.npmjs.org/jsonfile/-/jsonfile-0.0.1.tgz",
      "integrity": "sha1-tfn1FRIbKETyy/4UM4tVx5gA4dg="
    },
    "less": {
      "version": "https://registry.npmjs.org/less/-/less-1.7.5.tgz",
      "integrity": "sha1-TyIM9yiKJ+rKc5325ICKLUwNV1Y=",
      "requires": {
        "clean-css": "https://registry.npmjs.org/clean-css/-/clean-css-2.2.23.tgz",
        "graceful-fs": "https://registry.npmjs.org/graceful-fs/-/graceful-fs-3.0.11.tgz",
        "mime": "https://registry.npmjs.org/mime/-/mime-1.2.11.tgz",
        "mkdirp": "https://registry.npmjs.org/mkdirp/-/mkdirp-0.5.1.tgz",
        "request": "https://registry.npmjs.org/request/-/request-2.40.0.tgz",
        "source-map": "https://registry.npmjs.org/source-map/-/source-map-0.1.43.tgz"
      },
      "dependencies": {
        "clean-css": {
          "version": "https://registry.npmjs.org/clean-css/-/clean-css-2.2.23.tgz",
          "integrity": "sha1-BZC1R4tRbEkD7cLYm9P9vdKGMow=",
          "optional": true,
          "requires": {
            "commander": "https://registry.npmjs.org/commander/-/commander-2.2.0.tgz"
          }
        },
        "source-map": {
          "version": "https://registry.npmjs.org/source-map/-/source-map-0.1.43.tgz",
          "integrity": "sha1-wkvBRspRfBRx9drL4lcbK3+eM0Y=",
          "optional": true,
          "requires": {
            "amdefine": "https://registry.npmjs.org/amdefine/-/amdefine-1.0.1.tgz"
          }
        }
      }
    },
    "mime": {
      "version": "https://registry.npmjs.org/mime/-/mime-1.2.11.tgz",
      "integrity": "sha1-WCA+7Ybjpe8XrtK32evUfwpg3RA=",
      "optional": true
    },
    "mime-types": {
      "version": "https://registry.npmjs.org/mime-types/-/mime-types-1.0.2.tgz",
      "integrity": "sha1-mVrhOSq4r/y/yyZB3QVOlDwNXc4=",
      "optional": true
    },
    "minimist": {
      "version": "https://registry.npmjs.org/minimist/-/minimist-0.0.8.tgz",
      "integrity": "sha1-hX/Kv8M5fSYluCKCYuhqp6ARsF0=",
      "optional": true
    },
    "mkdirp": {
      "version": "https://registry.npmjs.org/mkdirp/-/mkdirp-0.5.1.tgz",
      "integrity": "sha1-MAV0OOrGz3+MR2fzhkjWaX11yQM=",
      "optional": true,
      "requires": {
        "minimist": "https://registry.npmjs.org/minimist/-/minimist-0.0.8.tgz"
      }
    },
    "natives": {
      "version": "https://registry.npmjs.org/natives/-/natives-1.1.0.tgz",
      "integrity": "sha1-6f+EFBimsux6SV6TmYT3jxY+bjE=",
      "optional": true
    },
    "ncp": {
      "version": "https://registry.npmjs.org/ncp/-/ncp-0.4.2.tgz",
      "integrity": "sha1-q8xsvT7C7Spyn/bnwfqPAXhKhXQ="
    },
    "node-uuid": {
      "version": "https://registry.npmjs.org/node-uuid/-/node-uuid-1.4.8.tgz",
      "integrity": "sha1-sEDrCSOWivq/jTL7HxfxFn/auQc=",
      "optional": true
    },
    "normalize-range": {
      "version": "0.1.2",
      "resolved": "https://registry.npmjs.org/normalize-range/-/normalize-range-0.1.2.tgz",
      "integrity": "sha1-LRDAa9/TEuqXd2laTShDlFa3WUI="
    },
    "num2fraction": {
      "version": "1.2.2",
      "resolved": "https://registry.npmjs.org/num2fraction/-/num2fraction-1.2.2.tgz",
      "integrity": "sha1-b2gragJ6Tp3fpFZM0lidHU5mnt4="
    },
    "oauth-sign": {
      "version": "https://registry.npmjs.org/oauth-sign/-/oauth-sign-0.3.0.tgz",
      "integrity": "sha1-y1QPk7srIqfVlBaRoojWDo6pOG4=",
      "optional": true
    },
    "postcss": {
      "version": "6.0.14",
      "resolved": "https://registry.npmjs.org/postcss/-/postcss-6.0.14.tgz",
      "integrity": "sha512-NJ1z0f+1offCgadPhz+DvGm5Mkci+mmV5BqD13S992o0Xk9eElxUfPPF+t2ksH5R/17gz4xVK8KWocUQ5o3Rog==",
      "requires": {
        "chalk": "2.3.0",
        "source-map": "0.6.1",
        "supports-color": "4.5.0"
      }
    },
    "postcss-value-parser": {
      "version": "3.3.0",
      "resolved": "https://registry.npmjs.org/postcss-value-parser/-/postcss-value-parser-3.3.0.tgz",
      "integrity": "sha1-h/OPnxj3dKSrTIojL1xc6IcqnRU="
    },
    "punycode": {
      "version": "https://registry.npmjs.org/punycode/-/punycode-1.4.1.tgz",
      "integrity": "sha1-wNWmOycYgArY4esPpSachN1BhF4=",
      "optional": true
    },
    "qs": {
      "version": "https://registry.npmjs.org/qs/-/qs-1.0.2.tgz",
      "integrity": "sha1-UKk+K1r2aRwxvOpdrnjubqGQN2g=",
      "optional": true
    },
    "request": {
      "version": "https://registry.npmjs.org/request/-/request-2.40.0.tgz",
      "integrity": "sha1-TdZw9pbx5uhC5mtLXoOTAaub62c=",
      "optional": true,
      "requires": {
        "aws-sign2": "https://registry.npmjs.org/aws-sign2/-/aws-sign2-0.5.0.tgz",
        "forever-agent": "https://registry.npmjs.org/forever-agent/-/forever-agent-0.5.2.tgz",
        "form-data": "https://registry.npmjs.org/form-data/-/form-data-0.1.4.tgz",
        "hawk": "https://registry.npmjs.org/hawk/-/hawk-1.1.1.tgz",
        "http-signature": "https://registry.npmjs.org/http-signature/-/http-signature-0.10.1.tgz",
        "json-stringify-safe": "https://registry.npmjs.org/json-stringify-safe/-/json-stringify-safe-5.0.1.tgz",
        "mime-types": "https://registry.npmjs.org/mime-types/-/mime-types-1.0.2.tgz",
        "node-uuid": "https://registry.npmjs.org/node-uuid/-/node-uuid-1.4.8.tgz",
        "oauth-sign": "https://registry.npmjs.org/oauth-sign/-/oauth-sign-0.3.0.tgz",
        "qs": "https://registry.npmjs.org/qs/-/qs-1.0.2.tgz",
        "stringstream": "https://registry.npmjs.org/stringstream/-/stringstream-0.0.5.tgz",
        "tough-cookie": "https://registry.npmjs.org/tough-cookie/-/tough-cookie-2.3.2.tgz",
        "tunnel-agent": "https://registry.npmjs.org/tunnel-agent/-/tunnel-agent-0.4.3.tgz"
      }
    },
    "rimraf": {
      "version": "https://registry.npmjs.org/rimraf/-/rimraf-2.1.4.tgz",
      "integrity": "sha1-Wm62Lu2gaPUe3lDymz5c0i89m7I=",
      "requires": {
        "graceful-fs": "https://registry.npmjs.org/graceful-fs/-/graceful-fs-1.2.3.tgz"
      },
      "dependencies": {
        "graceful-fs": {
          "version": "https://registry.npmjs.org/graceful-fs/-/graceful-fs-1.2.3.tgz",
          "integrity": "sha1-FaSAaldUfLLS2/J/QuiajDRRs2Q=",
          "optional": true
        }
      }
    },
    "sntp": {
      "version": "https://registry.npmjs.org/sntp/-/sntp-0.2.4.tgz",
      "integrity": "sha1-+4hfGLDzqtGJ+CSGJTa87ux1CQA=",
      "optional": true,
      "requires": {
        "hoek": "https://registry.npmjs.org/hoek/-/hoek-0.9.1.tgz"
      }
    },
    "source-map": {
      "version": "0.6.1",
      "resolved": "https://registry.npmjs.org/source-map/-/source-map-0.6.1.tgz",
      "integrity": "sha512-UjgapumWlbMhkBgzT7Ykc5YXUT46F0iKu8SGXq0bcwP5dz/h0Plj6enJqjz1Zbq2l5WaqYnrVbwWOWMyF3F47g=="
    },
    "stringstream": {
      "version": "https://registry.npmjs.org/stringstream/-/stringstream-0.0.5.tgz",
      "integrity": "sha1-TkhM1N5aC7vuGORjB3EKioFiGHg=",
      "optional": true
    },
    "supports-color": {
      "version": "4.5.0",
      "resolved": "https://registry.npmjs.org/supports-color/-/supports-color-4.5.0.tgz",
      "integrity": "sha1-vnoN5ITexcXN34s9WRJQRJEvY1s=",
      "requires": {
        "has-flag": "2.0.0"
      }
    },
    "tough-cookie": {
      "version": "https://registry.npmjs.org/tough-cookie/-/tough-cookie-2.3.2.tgz",
      "integrity": "sha1-8IH3bkyFcg5sN6X6ztc3FQ2EByo=",
      "optional": true,
      "requires": {
        "punycode": "https://registry.npmjs.org/punycode/-/punycode-1.4.1.tgz"
      }
    },
    "tunnel-agent": {
      "version": "https://registry.npmjs.org/tunnel-agent/-/tunnel-agent-0.4.3.tgz",
      "integrity": "sha1-Y3PbdpCf5XDgjXNYM2Xtgop07us=",
      "optional": true
    },
    "uglify-es": {
      "version": "3.1.9",
      "resolved": "https://registry.npmjs.org/uglify-es/-/uglify-es-3.1.9.tgz",
      "integrity": "sha512-wVSiJKHDgDDFmxTVVvnbAH6IpamAFHYDI+5JvwPdaqIMnk8kRTX2JKwq1Fx7gb2+Jj5Dus8kzvIpKkWOMNU51w==",
      "requires": {
        "commander": "2.11.0",
        "source-map": "0.6.1"
      },
      "dependencies": {
        "commander": {
          "version": "2.11.0",
          "resolved": "https://registry.npmjs.org/commander/-/commander-2.11.0.tgz",
          "integrity": "sha512-b0553uYA5YAEGgyYIGYROzKQ7X5RAqedkfjiZxwi0kL1g3bOaBNNZfYkzt/CL0umgD5wc9Jec2FbB98CjkMRvQ=="
        }
      }
    },
    "uglify-js": {
      "version": "3.1.9",
      "resolved": "https://registry.npmjs.org/uglify-js/-/uglify-js-3.1.9.tgz",
      "integrity": "sha512-ari2E89bD7f+fMU173NgF12JBcOhgoxeyuCs97h5K58IBENrnG9eVj2lFadrOPdqf0KifsxVmUQfzA2cHNxCZQ==",
      "requires": {
        "commander": "2.11.0",
        "source-map": "0.6.1"
      },
      "dependencies": {
        "commander": {
          "version": "2.11.0",
          "resolved": "https://registry.npmjs.org/commander/-/commander-2.11.0.tgz",
          "integrity": "sha512-b0553uYA5YAEGgyYIGYROzKQ7X5RAqedkfjiZxwi0kL1g3bOaBNNZfYkzt/CL0umgD5wc9Jec2FbB98CjkMRvQ=="
        }
      }
    }
  }
}
